{
  "version": 4,
  "terraform_version": "1.14.5",
  "serial": 43,
  "lineage": "8cab6734-ea20-78c4-9b16-fce695bbc2ba",
  "outputs": {
    "instance_id": {
      "value": "i-019a62cf38ba440fe",
      "type": "string"
    },
    "public_dns": {
      "value": "ec2-16-170-205-25.eu-north-1.compute.amazonaws.com",
      "type": "string"
    },
    "public_ip": {
      "value": "16.170.205.25",
      "type": "string"
    },
    "wordpress_url": {
      "value": "http://16.170.205.25",
      "type": "string"
    }
  },
  "resources": [
    {
      "mode": "managed",
      "type": "aws_instance",
      "name": "EC2",
      "provider": "provider[\"registry.terraform.io/hashicorp/aws\"]",
      "instances": [
        {
          "schema_version": 2,
          "attributes": {
            "ami": "ami-0aaa636894689fa47",
            "arn": "arn:aws:ec2:eu-north-1:856698934695:instance/i-019a62cf38ba440fe",
            "associate_public_ip_address": true,
            "availability_zone": "eu-north-1b",
            "capacity_reservation_specification": [
              {
                "capacity_reservation_preference": "open",
                "capacity_reservation_target": []
              }
            ],
            "cpu_options": [
              {
                "amd_sev_snp": "",
                "core_count": 1,
                "nested_virtualization": "",
                "threads_per_core": 2
              }
            ],
            "credit_specification": [
              {
                "cpu_credits": "unlimited"
              }
            ],
            "disable_api_stop": false,
            "disable_api_termination": false,
            "ebs_block_device": [],
            "ebs_optimized": false,
            "enable_primary_ipv6": null,
            "enclave_options": [
              {
                "enabled": false
              }
            ],
            "ephemeral_block_device": [],
            "force_destroy": false,
            "get_password_data": false,
            "hibernation": false,
            "host_id": "",
            "host_resource_group_arn": null,
            "iam_instance_profile": "",
            "id": "i-019a62cf38ba440fe",
            "instance_initiated_shutdown_behavior": "stop",
            "instance_lifecycle": "",
            "instance_market_options": [],
            "instance_state": "running",
            "instance_type": "t3.micro",
            "ipv6_address_count": 0,
            "ipv6_addresses": [],
            "key_name": "wordpress-key",
            "launch_template": [],
            "maintenance_options": [
              {
                "auto_recovery": "default"
              }
            ],
            "metadata_options": [
              {
                "http_endpoint": "enabled",
                "http_protocol_ipv6": "disabled",
                "http_put_response_hop_limit": 2,
                "http_tokens": "required",
                "instance_metadata_tags": "disabled"
              }
            ],
            "monitoring": false,
            "network_interface": [],
            "outpost_arn": "",
            "password_data": "",
            "placement_group": "",
            "placement_group_id": "",
            "placement_partition_number": 0,
            "primary_network_interface": [
              {
                "delete_on_termination": true,
                "network_interface_id": "eni-01adfb78ad3bb5322"
              }
            ],
            "primary_network_interface_id": "eni-01adfb78ad3bb5322",
            "private_dns": "ip-172-31-41-16.eu-north-1.compute.internal",
            "private_dns_name_options": [
              {
                "enable_resource_name_dns_a_record": false,
                "enable_resource_name_dns_aaaa_record": false,
                "hostname_type": "ip-name"
              }
            ],
            "private_ip": "172.31.41.16",
            "public_dns": "ec2-16-170-205-25.eu-north-1.compute.amazonaws.com",
            "public_ip": "16.170.205.25",
            "region": "eu-north-1",
            "root_block_device": [
              {
                "delete_on_termination": true,
                "device_name": "/dev/xvda",
                "encrypted": false,
                "iops": 3000,
                "kms_key_id": "",
                "tags": {},
                "tags_all": {},
                "throughput": 125,
                "volume_id": "vol-05cf7403488a69777",
                "volume_size": 8,
                "volume_type": "gp3"
              }
            ],
            "secondary_network_interface": [],
            "secondary_private_ips": [],
            "security_groups": [
              "wordpress-sg"
            ],
            "source_dest_check": true,
            "spot_instance_request_id": "",
            "subnet_id": "subnet-0a62d8ad95bec1775",
            "tags": {
              "Name": "wordpress-terraform"
            },
            "tags_all": {
              "Name": "wordpress-terraform"
            },
            "tenancy": "default",
            "timeouts": null,
            "user_data": "#!/bin/bash\nset -e\n\nDB_NAME=\"wordpress\"\nDB_USER=\"wpuser\"\nDB_PASS=\"ChangeMeStrongPass123!\"\n\ndnf update -y\ndnf install -y httpd php php-mysqlnd php-fpm wget tar mariadb105 mariadb105-server\n\nsystemctl enable --now httpd\nsystemctl enable --now mariadb\n\nmysql -e \"CREATE DATABASE IF NOT EXISTS ${DB_NAME};\"\nmysql -e \"CREATE USER IF NOT EXISTS '${DB_USER}'@'localhost' IDENTIFIED BY '${DB_PASS}';\"\nmysql -e \"GRANT ALL PRIVILEGES ON ${DB_NAME}.* TO '${DB_USER}'@'localhost'; FLUSH PRIVILEGES;\"\n\ncd /var/www/html\nwget -q https://wordpress.org/latest.tar.gz\ntar -xzf latest.tar.gz\ncp -r wordpress/* .\nrm -rf wordpress latest.tar.gz\n\ncp wp-config-sample.php wp-config.php\nsed -i \"s/database_name_here/${DB_NAME}/\" wp-config.php\nsed -i \"s/username_here/${DB_USER}/\" wp-config.php\nsed -i \"s/password_here/${DB_PASS}/\" wp-config.php\n\nchown -R apache:apache /var/www/html\nchmod -R 755 /var/www/html\n\nsystemctl restart php-fpm\nsystemctl restart httpd\n",
            "user_data_base64": null,
            "user_data_replace_on_change": false,
            "volume_tags": null,
            "vpc_security_group_ids": [
              "sg-0b829f04c467bf45b"
            ]
          },
          "sensitive_attributes": [],
          "identity_schema_version": 0,
          "identity": {
            "account_id": "856698934695",
            "id": "i-019a62cf38ba440fe",
            "region": "eu-north-1"
          },
          "private": "eyJlMmJmYjczMC1lY2FhLTExZTYtOGY4OC0zNDM2M2JjN2M0YzAiOnsiY3JlYXRlIjo2MDAwMDAwMDAwMDAsImRlbGV0ZSI6MTIwMDAwMDAwMDAwMCwicmVhZCI6OTAwMDAwMDAwMDAwLCJ1cGRhdGUiOjYwMDAwMDAwMDAwMH0sInNjaGVtYV92ZXJzaW9uIjoiMiJ9",
          "dependencies": [
            "aws_security_group.wp_sg"
          ]
        }
      ]
    },
    {
      "mode": "managed",
      "type": "aws_security_group",
      "name": "wp_sg",
      "provider": "provider[\"registry.terraform.io/hashicorp/aws\"]",
      "instances": [
        {
          "schema_version": 1,
          "attributes": {
            "arn": "arn:aws:ec2:eu-north-1:856698934695:security-group/sg-0b829f04c467bf45b",
            "description": "Allow HTTP and SSH",
            "egress": [
              {
                "cidr_blocks": [
                  "0.0.0.0/0"
                ],
                "description": "",
                "from_port": 0,
                "ipv6_cidr_blocks": [],
                "prefix_list_ids": [],
                "protocol": "-1",
                "security_groups": [],
                "self": false,
                "to_port": 0
              }
            ],
            "id": "sg-0b829f04c467bf45b",
            "ingress": [
              {
                "cidr_blocks": [
                  "0.0.0.0/0"
                ],
                "description": "HTTP",
                "from_port": 80,
                "ipv6_cidr_blocks": [],
                "prefix_list_ids": [],
                "protocol": "tcp",
                "security_groups": [],
                "self": false,
                "to_port": 80
              },
              {
                "cidr_blocks": [
                  "81.105.50.68/32"
                ],
                "description": "SSH from my IP",
                "from_port": 22,
                "ipv6_cidr_blocks": [],
                "prefix_list_ids": [],
                "protocol": "tcp",
                "security_groups": [],
                "self": false,
                "to_port": 22
              }
            ],
            "name": "wordpress-sg",
            "name_prefix": "",
            "owner_id": "856698934695",
            "region": "eu-north-1",
            "revoke_rules_on_delete": false,
            "tags": {
              "Name": "wordpress-sg"
            },
            "tags_all": {
              "Name": "wordpress-sg"
            },
            "timeouts": null,
            "vpc_id": "vpc-041d71e0434157a06"
          },
          "sensitive_attributes": [],
          "identity_schema_version": 0,
          "identity": {
            "account_id": "856698934695",
            "id": "sg-0b829f04c467bf45b",
            "region": "eu-north-1"
          },
          "private": "eyJlMmJmYjczMC1lY2FhLTExZTYtOGY4OC0zNDM2M2JjN2M0YzAiOnsiY3JlYXRlIjo2MDAwMDAwMDAwMDAsImRlbGV0ZSI6OTAwMDAwMDAwMDAwfSwic2NoZW1hX3ZlcnNpb24iOiIxIn0="
        }
      ]
    }
  ],
  "check_results": null
}
